
Microsoft Visual Studio Solution File, Format Version 12.00
# Visual Studio Version 16
VisualStudioVersion = 16.0.30907.101
MinimumVisualStudioVersion = 10.0.40219.1
Project("{8BC9CEB8-8B4A-11D0-8D11-00A0C91BC942}") = "sp1", "sp1.vcxproj", "{E024205D-51BF-4A7C-AEBD-389AA6F482C8}"
EndProject
Global
	GlobalSection(SolutionConfigurationPlatforms) = preSolution
		Debug|x64 = Debug|x64
		Debug|x86 = Debug|x86
		Release|x64 = Release|x64
		Release|x86 = Release|x86
	EndGlobalSection
	GlobalSection(ProjectConfigurationPlatforms) = postSolution
		{E024205D-51BF-4A7C-AEBD-389AA6F482C8}.Debug|x64.ActiveCfg = Debug|x64
		{E024205D-51BF-4A7C-AEBD-389AA6F482C8}.Debug|x64.Build.0 = Debug|x64
		{E024205D-51BF-4A7C-AEBD-389AA6F482C8}.Debug|x86.ActiveCfg = Debug|Win32
		{E024205D-51BF-4A7C-AEBD-389AA6F482C8}.Debug|x86.Build.0 = Debug|Win32
		{E024205D-51BF-4A7C-AEBD-389AA6F482C8}.Release|x64.ActiveCfg = Release|x64
		{E024205D-51BF-4A7C-AEBD-389AA6F482C8}.Release|x64.Build.0 = Release|x64
		{E024205D-51BF-4A7C-AEBD-389AA6F482C8}.Release|x86.ActiveCfg = Release|Win32
		{E024205D-51BF-4A7C-AEBD-389AA6F482C8}.Release|x86.Build.0 = Release|Win32
	EndGlobalSection
	GlobalSection(SolutionProperties) = preSolution
		HideSolutionNode = FALSE
	EndGlobalSection
	GlobalSection(ExtensibilityGlobals) = postSolution
		SolutionGuid = {8F9D2AAF-F92A-49FA-9449-38873D0CD5A1}
	EndGlobalSection
EndGlobal
